
Microsoft Visual Studio Solution File, Format Version 12.00
Project("{2150E333-8FDC-42A3-9474-1A3956D46DE8}") = "src", "src", "{363C90DB-1B7D-45C7-AE21-E061C4F9E109}"
EndProject
Project("{FAE04EC0-301F-11D3-BF4B-00C04F79EFBC}") = "EducationPath.Web", "src\EducationPath.Web\EducationPath.Web.csproj", "{8DBE05D0-74C3-488A-BB29-07A38FDFCC28}"
EndProject
Project("{2150E333-8FDC-42A3-9474-1A3956D46DE8}") = "Shared", "Shared", "{F327031D-AB4F-4886-AF5D-1A42C54C0C69}"
EndProject
Project("{FAE04EC0-301F-11D3-BF4B-00C04F79EFBC}") = "EducationPath.Core", "src\Shared\EducationPath.Core\EducationPath.Core.csproj", "{57E40B39-328C-49C3-BB25-D16F559D3634}"
EndProject
Project("{FAE04EC0-301F-11D3-BF4B-00C04F79EFBC}") = "EducationPath.Framework", "src\Shared\EducationPath.Framework\EducationPath.Framework.csproj", "{E9D3A13F-585D-40BF-B936-61C242EB3D30}"
EndProject
Project("{FAE04EC0-301F-11D3-BF4B-00C04F79EFBC}") = "EducationPath.SharedKernel", "src\Shared\EducationPath.SharedKernel\EducationPath.SharedKernel.csproj", "{7925FFD8-4D4D-4167-B30B-72E647A4CD54}"
EndProject
Project("{2150E333-8FDC-42A3-9474-1A3956D46DE8}") = "SolutionFiles", "SolutionFiles", "{60BE25BF-DB55-4A88-B4B6-D632480289B7}"
	ProjectSection(SolutionItems) = preProject
		docker-compose.yml = docker-compose.yml
	EndProjectSection
EndProject
Project("{2150E333-8FDC-42A3-9474-1A3956D46DE8}") = "Accounts", "Accounts", "{897B5008-70DB-43B3-840D-D990D860ABF0}"
EndProject
Project("{FAE04EC0-301F-11D3-BF4B-00C04F79EFBC}") = "EducationPath.Accounts.Application", "src\Accounts\EducationPath.Accounts.Application\EducationPath.Accounts.Application.csproj", "{39D25D7B-6475-47AC-8426-ECEA23FECA3E}"
EndProject
Project("{FAE04EC0-301F-11D3-BF4B-00C04F79EFBC}") = "EducationPath.Accounts.Domain", "src\Accounts\EducationPath.Accounts.Domain\EducationPath.Accounts.Domain.csproj", "{4EFA6B0C-912E-4EB1-8442-F00AAC24ABD0}"
EndProject
Project("{FAE04EC0-301F-11D3-BF4B-00C04F79EFBC}") = "EducationPath.Accounts.Infrastructure", "src\Accounts\EducationPath.Accounts.Infrastructure\EducationPath.Accounts.Infrastructure.csproj", "{B8A0C513-BF49-42E3-81EF-A21EB19048FC}"
EndProject
Project("{FAE04EC0-301F-11D3-BF4B-00C04F79EFBC}") = "EducationPath.Accounts.Presentation", "src\Accounts\EducationPath.Accounts.Presentation\EducationPath.Accounts.Presentation.csproj", "{7BB3CD3B-F7B7-4290-B25E-FA3C2754D2D0}"
EndProject
Project("{FAE04EC0-301F-11D3-BF4B-00C04F79EFBC}") = "EducationPath.Accounts.Contracts", "src\Accounts\EducationPath.Accounts.Contracts\EducationPath.Accounts.Contracts.csproj", "{AC13318A-3066-4414-8133-A5342202379F}"
EndProject
Project("{2150E333-8FDC-42A3-9474-1A3956D46DE8}") = "Skills", "Skills", "{FF6BE5C2-EE56-4220-B2CD-43DA82944875}"
EndProject
Project("{FAE04EC0-301F-11D3-BF4B-00C04F79EFBC}") = "EducationPath.Skills.Application", "src\Skills\EducationPath.Skills.Application\EducationPath.Skills.Application.csproj", "{F70C58A5-2C7F-4E94-B1E9-B5A406C01724}"
EndProject
Project("{FAE04EC0-301F-11D3-BF4B-00C04F79EFBC}") = "EducationPath.Skills.Presentation", "src\Skills\EducationPath.Skills.Presentation\EducationPath.Skills.Presentation.csproj", "{DA1E228D-39C8-4C7A-BF38-07E18F56241C}"
EndProject
Project("{FAE04EC0-301F-11D3-BF4B-00C04F79EFBC}") = "EducationPath.Skills.Contracts", "src\Skills\EducationPath.Skills.Contracts\EducationPath.Skills.Contracts.csproj", "{52F75D35-718D-43B1-916B-64B4E6D1BEBA}"
EndProject
Project("{FAE04EC0-301F-11D3-BF4B-00C04F79EFBC}") = "EducationPath.Skills.Domain", "src\Skills\EducationPath.Skills.Domain\EducationPath.Skills.Domain.csproj", "{B71CC1EB-8E8F-4B4E-8219-1D98D831F01B}"
EndProject
Project("{FAE04EC0-301F-11D3-BF4B-00C04F79EFBC}") = "EducationPath.Skills.Infrastructure", "src\Skills\EducationPath.Skills.Infrastructure\EducationPath.Skills.Infrastructure.csproj", "{BCBED5F5-55A2-443F-A673-223C11B23C32}"
EndProject
Project("{FAE04EC0-301F-11D3-BF4B-00C04F79EFBC}") = "EducationPath.AI", "src\Shared\EducationPath.AI\EducationPath.AI.csproj", "{55800C4D-7C3E-493B-8C87-ECF9B31BDEDE}"
EndProject
Project("{2150E333-8FDC-42A3-9474-1A3956D46DE8}") = "LearningPaths", "LearningPaths", "{54984F46-EA35-4211-BDF7-E2DC6A0C1EC5}"
EndProject
Project("{FAE04EC0-301F-11D3-BF4B-00C04F79EFBC}") = "EducationPath.LearningPaths.Application", "src\LearningPaths\EducationPath.LearningPaths.Application\EducationPath.LearningPaths.Application.csproj", "{5A18999F-B65E-42C5-B462-A7A3B66C843F}"
EndProject
Project("{FAE04EC0-301F-11D3-BF4B-00C04F79EFBC}") = "EducationPath.LearningPaths.Contracts", "src\LearningPaths\EducationPath.LearningPaths.Contracts\EducationPath.LearningPaths.Contracts.csproj", "{BC7E9423-DB7A-4310-988B-FFC4408383DD}"
EndProject
Project("{FAE04EC0-301F-11D3-BF4B-00C04F79EFBC}") = "EducationPath.LearningPaths.Domain", "src\LearningPaths\EducationPath.LearningPaths.Domain\EducationPath.LearningPaths.Domain.csproj", "{BFA26A23-EECB-41A9-AEF9-3BC7D8D96EE8}"
EndProject
Project("{FAE04EC0-301F-11D3-BF4B-00C04F79EFBC}") = "EducationPath.LearningPaths.Infrastructure", "src\LearningPaths\EducationPath.LearningPaths.Infrastructure\EducationPath.LearningPaths.Infrastructure.csproj", "{19C77FB9-F22C-411E-B53C-98520E3546DE}"
EndProject
Project("{FAE04EC0-301F-11D3-BF4B-00C04F79EFBC}") = "EducationPath.LearningPaths.Presentation", "src\LearningPaths\EducationPath.LearningPaths.Presentation\EducationPath.LearningPaths.Presentation.csproj", "{EF93D867-6724-41BD-BD87-DB6B8A3C2FC6}"
EndProject
Global
	GlobalSection(SolutionConfigurationPlatforms) = preSolution
		Debug|Any CPU = Debug|Any CPU
		Release|Any CPU = Release|Any CPU
	EndGlobalSection
	GlobalSection(NestedProjects) = preSolution
		{8DBE05D0-74C3-488A-BB29-07A38FDFCC28} = {363C90DB-1B7D-45C7-AE21-E061C4F9E109}
		{F327031D-AB4F-4886-AF5D-1A42C54C0C69} = {363C90DB-1B7D-45C7-AE21-E061C4F9E109}
		{57E40B39-328C-49C3-BB25-D16F559D3634} = {F327031D-AB4F-4886-AF5D-1A42C54C0C69}
		{E9D3A13F-585D-40BF-B936-61C242EB3D30} = {F327031D-AB4F-4886-AF5D-1A42C54C0C69}
		{7925FFD8-4D4D-4167-B30B-72E647A4CD54} = {F327031D-AB4F-4886-AF5D-1A42C54C0C69}
		{897B5008-70DB-43B3-840D-D990D860ABF0} = {363C90DB-1B7D-45C7-AE21-E061C4F9E109}
		{39D25D7B-6475-47AC-8426-ECEA23FECA3E} = {897B5008-70DB-43B3-840D-D990D860ABF0}
		{4EFA6B0C-912E-4EB1-8442-F00AAC24ABD0} = {897B5008-70DB-43B3-840D-D990D860ABF0}
		{B8A0C513-BF49-42E3-81EF-A21EB19048FC} = {897B5008-70DB-43B3-840D-D990D860ABF0}
		{7BB3CD3B-F7B7-4290-B25E-FA3C2754D2D0} = {897B5008-70DB-43B3-840D-D990D860ABF0}
		{AC13318A-3066-4414-8133-A5342202379F} = {897B5008-70DB-43B3-840D-D990D860ABF0}
		{FF6BE5C2-EE56-4220-B2CD-43DA82944875} = {363C90DB-1B7D-45C7-AE21-E061C4F9E109}
		{F70C58A5-2C7F-4E94-B1E9-B5A406C01724} = {FF6BE5C2-EE56-4220-B2CD-43DA82944875}
		{DA1E228D-39C8-4C7A-BF38-07E18F56241C} = {FF6BE5C2-EE56-4220-B2CD-43DA82944875}
		{52F75D35-718D-43B1-916B-64B4E6D1BEBA} = {FF6BE5C2-EE56-4220-B2CD-43DA82944875}
		{B71CC1EB-8E8F-4B4E-8219-1D98D831F01B} = {FF6BE5C2-EE56-4220-B2CD-43DA82944875}
		{BCBED5F5-55A2-443F-A673-223C11B23C32} = {FF6BE5C2-EE56-4220-B2CD-43DA82944875}
		{55800C4D-7C3E-493B-8C87-ECF9B31BDEDE} = {F327031D-AB4F-4886-AF5D-1A42C54C0C69}
		{54984F46-EA35-4211-BDF7-E2DC6A0C1EC5} = {363C90DB-1B7D-45C7-AE21-E061C4F9E109}
		{5A18999F-B65E-42C5-B462-A7A3B66C843F} = {54984F46-EA35-4211-BDF7-E2DC6A0C1EC5}
		{BC7E9423-DB7A-4310-988B-FFC4408383DD} = {54984F46-EA35-4211-BDF7-E2DC6A0C1EC5}
		{BFA26A23-EECB-41A9-AEF9-3BC7D8D96EE8} = {54984F46-EA35-4211-BDF7-E2DC6A0C1EC5}
		{19C77FB9-F22C-411E-B53C-98520E3546DE} = {54984F46-EA35-4211-BDF7-E2DC6A0C1EC5}
		{EF93D867-6724-41BD-BD87-DB6B8A3C2FC6} = {54984F46-EA35-4211-BDF7-E2DC6A0C1EC5}
	EndGlobalSection
	GlobalSection(ProjectConfigurationPlatforms) = postSolution
		{8DBE05D0-74C3-488A-BB29-07A38FDFCC28}.Debug|Any CPU.ActiveCfg = Debug|Any CPU
		{8DBE05D0-74C3-488A-BB29-07A38FDFCC28}.Debug|Any CPU.Build.0 = Debug|Any CPU
		{8DBE05D0-74C3-488A-BB29-07A38FDFCC28}.Release|Any CPU.ActiveCfg = Release|Any CPU
		{8DBE05D0-74C3-488A-BB29-07A38FDFCC28}.Release|Any CPU.Build.0 = Release|Any CPU
		{57E40B39-328C-49C3-BB25-D16F559D3634}.Debug|Any CPU.ActiveCfg = Debug|Any CPU
		{57E40B39-328C-49C3-BB25-D16F559D3634}.Debug|Any CPU.Build.0 = Debug|Any CPU
		{57E40B39-328C-49C3-BB25-D16F559D3634}.Release|Any CPU.ActiveCfg = Release|Any CPU
		{57E40B39-328C-49C3-BB25-D16F559D3634}.Release|Any CPU.Build.0 = Release|Any CPU
		{E9D3A13F-585D-40BF-B936-61C242EB3D30}.Debug|Any CPU.ActiveCfg = Debug|Any CPU
		{E9D3A13F-585D-40BF-B936-61C242EB3D30}.Debug|Any CPU.Build.0 = Debug|Any CPU
		{E9D3A13F-585D-40BF-B936-61C242EB3D30}.Release|Any CPU.ActiveCfg = Release|Any CPU
		{E9D3A13F-585D-40BF-B936-61C242EB3D30}.Release|Any CPU.Build.0 = Release|Any CPU
		{7925FFD8-4D4D-4167-B30B-72E647A4CD54}.Debug|Any CPU.ActiveCfg = Debug|Any CPU
		{7925FFD8-4D4D-4167-B30B-72E647A4CD54}.Debug|Any CPU.Build.0 = Debug|Any CPU
		{7925FFD8-4D4D-4167-B30B-72E647A4CD54}.Release|Any CPU.ActiveCfg = Release|Any CPU
		{7925FFD8-4D4D-4167-B30B-72E647A4CD54}.Release|Any CPU.Build.0 = Release|Any CPU
		{39D25D7B-6475-47AC-8426-ECEA23FECA3E}.Debug|Any CPU.ActiveCfg = Debug|Any CPU
		{39D25D7B-6475-47AC-8426-ECEA23FECA3E}.Debug|Any CPU.Build.0 = Debug|Any CPU
		{39D25D7B-6475-47AC-8426-ECEA23FECA3E}.Release|Any CPU.ActiveCfg = Release|Any CPU
		{39D25D7B-6475-47AC-8426-ECEA23FECA3E}.Release|Any CPU.Build.0 = Release|Any CPU
		{4EFA6B0C-912E-4EB1-8442-F00AAC24ABD0}.Debug|Any CPU.ActiveCfg = Debug|Any CPU
		{4EFA6B0C-912E-4EB1-8442-F00AAC24ABD0}.Debug|Any CPU.Build.0 = Debug|Any CPU
		{4EFA6B0C-912E-4EB1-8442-F00AAC24ABD0}.Release|Any CPU.ActiveCfg = Release|Any CPU
		{4EFA6B0C-912E-4EB1-8442-F00AAC24ABD0}.Release|Any CPU.Build.0 = Release|Any CPU
		{B8A0C513-BF49-42E3-81EF-A21EB19048FC}.Debug|Any CPU.ActiveCfg = Debug|Any CPU
		{B8A0C513-BF49-42E3-81EF-A21EB19048FC}.Debug|Any CPU.Build.0 = Debug|Any CPU
		{B8A0C513-BF49-42E3-81EF-A21EB19048FC}.Release|Any CPU.ActiveCfg = Release|Any CPU
		{B8A0C513-BF49-42E3-81EF-A21EB19048FC}.Release|Any CPU.Build.0 = Release|Any CPU
		{7BB3CD3B-F7B7-4290-B25E-FA3C2754D2D0}.Debug|Any CPU.ActiveCfg = Debug|Any CPU
		{7BB3CD3B-F7B7-4290-B25E-FA3C2754D2D0}.Debug|Any CPU.Build.0 = Debug|Any CPU
		{7BB3CD3B-F7B7-4290-B25E-FA3C2754D2D0}.Release|Any CPU.ActiveCfg = Release|Any CPU
		{7BB3CD3B-F7B7-4290-B25E-FA3C2754D2D0}.Release|Any CPU.Build.0 = Release|Any CPU
		{AC13318A-3066-4414-8133-A5342202379F}.Debug|Any CPU.ActiveCfg = Debug|Any CPU
		{AC13318A-3066-4414-8133-A5342202379F}.Debug|Any CPU.Build.0 = Debug|Any CPU
		{AC13318A-3066-4414-8133-A5342202379F}.Release|Any CPU.ActiveCfg = Release|Any CPU
		{AC13318A-3066-4414-8133-A5342202379F}.Release|Any CPU.Build.0 = Release|Any CPU
		{F70C58A5-2C7F-4E94-B1E9-B5A406C01724}.Debug|Any CPU.ActiveCfg = Debug|Any CPU
		{F70C58A5-2C7F-4E94-B1E9-B5A406C01724}.Debug|Any CPU.Build.0 = Debug|Any CPU
		{F70C58A5-2C7F-4E94-B1E9-B5A406C01724}.Release|Any CPU.ActiveCfg = Release|Any CPU
		{F70C58A5-2C7F-4E94-B1E9-B5A406C01724}.Release|Any CPU.Build.0 = Release|Any CPU
		{DA1E228D-39C8-4C7A-BF38-07E18F56241C}.Debug|Any CPU.ActiveCfg = Debug|Any CPU
		{DA1E228D-39C8-4C7A-BF38-07E18F56241C}.Debug|Any CPU.Build.0 = Debug|Any CPU
		{DA1E228D-39C8-4C7A-BF38-07E18F56241C}.Release|Any CPU.ActiveCfg = Release|Any CPU
		{DA1E228D-39C8-4C7A-BF38-07E18F56241C}.Release|Any CPU.Build.0 = Release|Any CPU
		{52F75D35-718D-43B1-916B-64B4E6D1BEBA}.Debug|Any CPU.ActiveCfg = Debug|Any CPU
		{52F75D35-718D-43B1-916B-64B4E6D1BEBA}.Debug|Any CPU.Build.0 = Debug|Any CPU
		{52F75D35-718D-43B1-916B-64B4E6D1BEBA}.Release|Any CPU.ActiveCfg = Release|Any CPU
		{52F75D35-718D-43B1-916B-64B4E6D1BEBA}.Release|Any CPU.Build.0 = Release|Any CPU
		{B71CC1EB-8E8F-4B4E-8219-1D98D831F01B}.Debug|Any CPU.ActiveCfg = Debug|Any CPU
		{B71CC1EB-8E8F-4B4E-8219-1D98D831F01B}.Debug|Any CPU.Build.0 = Debug|Any CPU
		{B71CC1EB-8E8F-4B4E-8219-1D98D831F01B}.Release|Any CPU.ActiveCfg = Release|Any CPU
		{B71CC1EB-8E8F-4B4E-8219-1D98D831F01B}.Release|Any CPU.Build.0 = Release|Any CPU
		{BCBED5F5-55A2-443F-A673-223C11B23C32}.Debug|Any CPU.ActiveCfg = Debug|Any CPU
		{BCBED5F5-55A2-443F-A673-223C11B23C32}.Debug|Any CPU.Build.0 = Debug|Any CPU
		{BCBED5F5-55A2-443F-A673-223C11B23C32}.Release|Any CPU.ActiveCfg = Release|Any CPU
		{BCBED5F5-55A2-443F-A673-223C11B23C32}.Release|Any CPU.Build.0 = Release|Any CPU
		{55800C4D-7C3E-493B-8C87-ECF9B31BDEDE}.Debug|Any CPU.ActiveCfg = Debug|Any CPU
		{55800C4D-7C3E-493B-8C87-ECF9B31BDEDE}.Debug|Any CPU.Build.0 = Debug|Any CPU
		{55800C4D-7C3E-493B-8C87-ECF9B31BDEDE}.Release|Any CPU.ActiveCfg = Release|Any CPU
		{55800C4D-7C3E-493B-8C87-ECF9B31BDEDE}.Release|Any CPU.Build.0 = Release|Any CPU
		{5A18999F-B65E-42C5-B462-A7A3B66C843F}.Debug|Any CPU.ActiveCfg = Debug|Any CPU
		{5A18999F-B65E-42C5-B462-A7A3B66C843F}.Debug|Any CPU.Build.0 = Debug|Any CPU
		{5A18999F-B65E-42C5-B462-A7A3B66C843F}.Release|Any CPU.ActiveCfg = Release|Any CPU
		{5A18999F-B65E-42C5-B462-A7A3B66C843F}.Release|Any CPU.Build.0 = Release|Any CPU
		{BC7E9423-DB7A-4310-988B-FFC4408383DD}.Debug|Any CPU.ActiveCfg = Debug|Any CPU
		{BC7E9423-DB7A-4310-988B-FFC4408383DD}.Debug|Any CPU.Build.0 = Debug|Any CPU
		{BC7E9423-DB7A-4310-988B-FFC4408383DD}.Release|Any CPU.ActiveCfg = Release|Any CPU
		{BC7E9423-DB7A-4310-988B-FFC4408383DD}.Release|Any CPU.Build.0 = Release|Any CPU
		{BFA26A23-EECB-41A9-AEF9-3BC7D8D96EE8}.Debug|Any CPU.ActiveCfg = Debug|Any CPU
		{BFA26A23-EECB-41A9-AEF9-3BC7D8D96EE8}.Debug|Any CPU.Build.0 = Debug|Any CPU
		{BFA26A23-EECB-41A9-AEF9-3BC7D8D96EE8}.Release|Any CPU.ActiveCfg = Release|Any CPU
		{BFA26A23-EECB-41A9-AEF9-3BC7D8D96EE8}.Release|Any CPU.Build.0 = Release|Any CPU
		{19C77FB9-F22C-411E-B53C-98520E3546DE}.Debug|Any CPU.ActiveCfg = Debug|Any CPU
		{19C77FB9-F22C-411E-B53C-98520E3546DE}.Debug|Any CPU.Build.0 = Debug|Any CPU
		{19C77FB9-F22C-411E-B53C-98520E3546DE}.Release|Any CPU.ActiveCfg = Release|Any CPU
		{19C77FB9-F22C-411E-B53C-98520E3546DE}.Release|Any CPU.Build.0 = Release|Any CPU
		{EF93D867-6724-41BD-BD87-DB6B8A3C2FC6}.Debug|Any CPU.ActiveCfg = Debug|Any CPU
		{EF93D867-6724-41BD-BD87-DB6B8A3C2FC6}.Debug|Any CPU.Build.0 = Debug|Any CPU
		{EF93D867-6724-41BD-BD87-DB6B8A3C2FC6}.Release|Any CPU.ActiveCfg = Release|Any CPU
		{EF93D867-6724-41BD-BD87-DB6B8A3C2FC6}.Release|Any CPU.Build.0 = Release|Any CPU
	EndGlobalSection
EndGlobal
